
Microsoft Visual Studio Solution File, Format Version 12.00
# Visual Studio 2017
Project("{FAE04EC0-301F-11D3-BF4B-00C04F79EFBC}") = "FPS Game (Tutorial)", "FPS Game (Tutorial).csproj", "{ECB3857E-787B-BDCC-9AEE-768C6DB71980}"
EndProject
Project("{FAE04EC0-301F-11D3-BF4B-00C04F79EFBC}") = "Unity.TextMeshPro", "Unity.TextMeshPro.csproj", "{07A21C90-D344-AE1A-8456-9910C203B41A}"
EndProject
Project("{FAE04EC0-301F-11D3-BF4B-00C04F79EFBC}") = "FPS Game (Tutorial).Plugins", "FPS Game (Tutorial).Plugins.csproj", "{369612A6-4F5C-D367-3E36-680166BDCF79}"
EndProject
Project("{FAE04EC0-301F-11D3-BF4B-00C04F79EFBC}") = "FPS Game (Tutorial).Editor.Plugins", "FPS Game (Tutorial).Editor.Plugins.csproj", "{761185B9-F781-2D3E-DA98-D5804CDFB803}"
EndProject
Project("{FAE04EC0-301F-11D3-BF4B-00C04F79EFBC}") = "Unity.PackageManagerUI.Editor", "Unity.PackageManagerUI.Editor.csproj", "{6877705C-FBD9-0C4F-5AFB-6FB431E5D39D}"
EndProject
Project("{FAE04EC0-301F-11D3-BF4B-00C04F79EFBC}") = "Unity.TextMeshPro.Editor", "Unity.TextMeshPro.Editor.csproj", "{3A848AB7-9891-EDDA-D555-BF184C2F81F4}"
EndProject
Project("{FAE04EC0-301F-11D3-BF4B-00C04F79EFBC}") = "UnityEditor.StandardEvents", "UnityEditor.StandardEvents.csproj", "{6800202F-4402-D405-F8CB-03DC7BD78B92}"
EndProject
Global
	GlobalSection(SolutionConfigurationPlatforms) = preSolution
		Debug|Any CPU = Debug|Any CPU
		Release|Any CPU = Release|Any CPU
	EndGlobalSection
	GlobalSection(ProjectConfigurationPlatforms) = postSolution
		{ECB3857E-787B-BDCC-9AEE-768C6DB71980}.Debug|Any CPU.ActiveCfg = Debug|Any CPU
		{ECB3857E-787B-BDCC-9AEE-768C6DB71980}.Debug|Any CPU.Build.0 = Debug|Any CPU
		{ECB3857E-787B-BDCC-9AEE-768C6DB71980}.Release|Any CPU.ActiveCfg = Release|Any CPU
		{ECB3857E-787B-BDCC-9AEE-768C6DB71980}.Release|Any CPU.Build.0 = Release|Any CPU
		{07A21C90-D344-AE1A-8456-9910C203B41A}.Debug|Any CPU.ActiveCfg = Debug|Any CPU
		{07A21C90-D344-AE1A-8456-9910C203B41A}.Debug|Any CPU.Build.0 = Debug|Any CPU
		{07A21C90-D344-AE1A-8456-9910C203B41A}.Release|Any CPU.ActiveCfg = Release|Any CPU
		{07A21C90-D344-AE1A-8456-9910C203B41A}.Release|Any CPU.Build.0 = Release|Any CPU
		{369612A6-4F5C-D367-3E36-680166BDCF79}.Debug|Any CPU.ActiveCfg = Debug|Any CPU
		{369612A6-4F5C-D367-3E36-680166BDCF79}.Debug|Any CPU.Build.0 = Debug|Any CPU
		{369612A6-4F5C-D367-3E36-680166BDCF79}.Release|Any CPU.ActiveCfg = Release|Any CPU
		{369612A6-4F5C-D367-3E36-680166BDCF79}.Release|Any CPU.Build.0 = Release|Any CPU
		{761185B9-F781-2D3E-DA98-D5804CDFB803}.Debug|Any CPU.ActiveCfg = Debug|Any CPU
		{761185B9-F781-2D3E-DA98-D5804CDFB803}.Debug|Any CPU.Build.0 = Debug|Any CPU
		{761185B9-F781-2D3E-DA98-D5804CDFB803}.Release|Any CPU.ActiveCfg = Release|Any CPU
		{761185B9-F781-2D3E-DA98-D5804CDFB803}.Release|Any CPU.Build.0 = Release|Any CPU
		{6877705C-FBD9-0C4F-5AFB-6FB431E5D39D}.Debug|Any CPU.ActiveCfg = Debug|Any CPU
		{6877705C-FBD9-0C4F-5AFB-6FB431E5D39D}.Debug|Any CPU.Build.0 = Debug|Any CPU
		{6877705C-FBD9-0C4F-5AFB-6FB431E5D39D}.Release|Any CPU.ActiveCfg = Release|Any CPU
		{6877705C-FBD9-0C4F-5AFB-6FB431E5D39D}.Release|Any CPU.Build.0 = Release|Any CPU
		{3A848AB7-9891-EDDA-D555-BF184C2F81F4}.Debug|Any CPU.ActiveCfg = Debug|Any CPU
		{3A848AB7-9891-EDDA-D555-BF184C2F81F4}.Debug|Any CPU.Build.0 = Debug|Any CPU
		{3A848AB7-9891-EDDA-D555-BF184C2F81F4}.Release|Any CPU.ActiveCfg = Release|Any CPU
		{3A848AB7-9891-EDDA-D555-BF184C2F81F4}.Release|Any CPU.Build.0 = Release|Any CPU
		{6800202F-4402-D405-F8CB-03DC7BD78B92}.Debug|Any CPU.ActiveCfg = Debug|Any CPU
		{6800202F-4402-D405-F8CB-03DC7BD78B92}.Debug|Any CPU.Build.0 = Debug|Any CPU
		{6800202F-4402-D405-F8CB-03DC7BD78B92}.Release|Any CPU.ActiveCfg = Release|Any CPU
		{6800202F-4402-D405-F8CB-03DC7BD78B92}.Release|Any CPU.Build.0 = Release|Any CPU
	EndGlobalSection
	GlobalSection(SolutionProperties) = preSolution
		HideSolutionNode = FALSE
	EndGlobalSection
EndGlobal
